// !$*UTF8*$!
{
	archiveVersion = 1;
	classes = {
	};
	objectVersion = 55;
	objects = {

/* Begin PBXBuildFile section */
		396C56BD291311AF00E1CA41 /* AppDelegate.swift in Sources */ = {isa = PBXBuildFile; fileRef = 396C56BC291311AF00E1CA41 /* AppDelegate.swift */; };
		396C56BF291311AF00E1CA41 /* SceneDelegate.swift in Sources */ = {isa = PBXBuildFile; fileRef = 396C56BE291311AF00E1CA41 /* SceneDelegate.swift */; };
		396C56C1291311AF00E1CA41 /* ViewController.swift in Sources */ = {isa = PBXBuildFile; fileRef = 396C56C0291311AF00E1CA41 /* ViewController.swift */; };
		396C56C4291311AF00E1CA41 /* Main.storyboard in Resources */ = {isa = PBXBuildFile; fileRef = 396C56C2291311AF00E1CA41 /* Main.storyboard */; };
		396C56C6291311B100E1CA41 /* Assets.xcassets in Resources */ = {isa = PBXBuildFile; fileRef = 396C56C5291311B100E1CA41 /* Assets.xcassets */; };
		396C56C9291311B100E1CA41 /* LaunchScreen.storyboard in Resources */ = {isa = PBXBuildFile; fileRef = 396C56C7291311B100E1CA41 /* LaunchScreen.storyboard */; };
		396C56D6291312DF00E1CA41 /* AuthenticationService.swift in Sources */ = {isa = PBXBuildFile; fileRef = 396C56D4291312DD00E1CA41 /* AuthenticationService.swift */; };
		396C56D7291312DF00E1CA41 /* UserService.swift in Sources */ = {isa = PBXBuildFile; fileRef = 396C56D5291312DE00E1CA41 /* UserService.swift */; };
		396C56DA291312F200E1CA41 /* HomeViewModel.swift in Sources */ = {isa = PBXBuildFile; fileRef = 396C56D8291312F100E1CA41 /* HomeViewModel.swift */; };
		396C56DB291312F200E1CA41 /* AuthenticationViewModel.swift in Sources */ = {isa = PBXBuildFile; fileRef = 396C56D9291312F200E1CA41 /* AuthenticationViewModel.swift */; };
		396C56E02913130800E1CA41 /* LocationHandler.swift in Sources */ = {isa = PBXBuildFile; fileRef = 396C56DC2913130400E1CA41 /* LocationHandler.swift */; };
		396C56E12913130800E1CA41 /* Extensions.swift in Sources */ = {isa = PBXBuildFile; fileRef = 396C56DD2913130600E1CA41 /* Extensions.swift */; };
		396C56E22913130800E1CA41 /* Protocols.swift in Sources */ = {isa = PBXBuildFile; fileRef = 396C56DE2913130700E1CA41 /* Protocols.swift */; };
		396C56E32913130800E1CA41 /* Constants.swift in Sources */ = {isa = PBXBuildFile; fileRef = 396C56DF2913130800E1CA41 /* Constants.swift */; };
		396C56E92913132700E1CA41 /* InputLocationView.swift in Sources */ = {isa = PBXBuildFile; fileRef = 396C56E42913132300E1CA41 /* InputLocationView.swift */; };
		396C56EA2913132700E1CA41 /* LoginController.swift in Sources */ = {isa = PBXBuildFile; fileRef = 396C56E52913132400E1CA41 /* LoginController.swift */; };
		396C56EB2913132700E1CA41 /* InputLocationActivationView.swift in Sources */ = {isa = PBXBuildFile; fileRef = 396C56E62913132500E1CA41 /* InputLocationActivationView.swift */; };
		396C56EC2913132700E1CA41 /* LocationsCell.swift in Sources */ = {isa = PBXBuildFile; fileRef = 396C56E72913132600E1CA41 /* LocationsCell.swift */; };
		396C56ED2913132700E1CA41 /* HomeController.swift in Sources */ = {isa = PBXBuildFile; fileRef = 396C56E82913132700E1CA41 /* HomeController.swift */; };
		396C56F32913145C00E1CA41 /* Credentials.swift in Sources */ = {isa = PBXBuildFile; fileRef = 396C56F22913145C00E1CA41 /* Credentials.swift */; };
		396C56F52913146500E1CA41 /* User.swift in Sources */ = {isa = PBXBuildFile; fileRef = 396C56F42913146500E1CA41 /* User.swift */; };
		396C56F729131BE500E1CA41 /* RegisterController.swift in Sources */ = {isa = PBXBuildFile; fileRef = 396C56F629131BE500E1CA41 /* RegisterController.swift */; };
		A35F0C937D93BD8A9420A5A4 /* Pods_Uber_Clone.framework in Frameworks */ = {isa = PBXBuildFile; fileRef = D8E01A7CCE99E983FEBB7C3C /* Pods_Uber_Clone.framework */; };
/* End PBXBuildFile section */

/* Begin PBXFileReference section */
		1F7EAB223AD2E028588D8195 /* Pods-Uber Clone.release.xcconfig */ = {isa = PBXFileReference; includeInIndex = 1; lastKnownFileType = text.xcconfig; name = "Pods-Uber Clone.release.xcconfig"; path = "Target Support Files/Pods-Uber Clone/Pods-Uber Clone.release.xcconfig"; sourceTree = "<group>"; };
		396C56B9291311AF00E1CA41 /* Uber Clone.app */ = {isa = PBXFileReference; explicitFileType = wrapper.application; includeInIndex = 0; path = "Uber Clone.app"; sourceTree = BUILT_PRODUCTS_DIR; };
		396C56BC291311AF00E1CA41 /* AppDelegate.swift */ = {isa = PBXFileReference; lastKnownFileType = sourcecode.swift; path = AppDelegate.swift; sourceTree = "<group>"; };
		396C56BE291311AF00E1CA41 /* SceneDelegate.swift */ = {isa = PBXFileReference; lastKnownFileType = sourcecode.swift; path = SceneDelegate.swift; sourceTree = "<group>"; };
		396C56C0291311AF00E1CA41 /* ViewController.swift */ = {isa = PBXFileReference; lastKnownFileType = sourcecode.swift; path = ViewController.swift; sourceTree = "<group>"; };
		396C56C3291311AF00E1CA41 /* Base */ = {isa = PBXFileReference; lastKnownFileType = file.storyboard; name = Base; path = Base.lproj/Main.storyboard; sourceTree = "<group>"; };
		396C56C5291311B100E1CA41 /* Assets.xcassets */ = {isa = PBXFileReference; lastKnownFileType = folder.assetcatalog; path = Assets.xcassets; sourceTree = "<group>"; };
		396C56C8291311B100E1CA41 /* Base */ = {isa = PBXFileReference; lastKnownFileType = file.storyboard; name = Base; path = Base.lproj/LaunchScreen.storyboard; sourceTree = "<group>"; };
		396C56CA291311B100E1CA41 /* Info.plist */ = {isa = PBXFileReference; lastKnownFileType = text.plist.xml; path = Info.plist; sourceTree = "<group>"; };
		396C56D4291312DD00E1CA41 /* AuthenticationService.swift */ = {isa = PBXFileReference; fileEncoding = 4; lastKnownFileType = sourcecode.swift; path = AuthenticationService.swift; sourceTree = "<group>"; };
		396C56D5291312DE00E1CA41 /* UserService.swift */ = {isa = PBXFileReference; fileEncoding = 4; lastKnownFileType = sourcecode.swift; path = UserService.swift; sourceTree = "<group>"; };
		396C56D8291312F100E1CA41 /* HomeViewModel.swift */ = {isa = PBXFileReference; fileEncoding = 4; lastKnownFileType = sourcecode.swift; path = HomeViewModel.swift; sourceTree = "<group>"; };
		396C56D9291312F200E1CA41 /* AuthenticationViewModel.swift */ = {isa = PBXFileReference; fileEncoding = 4; lastKnownFileType = sourcecode.swift; path = AuthenticationViewModel.swift; sourceTree = "<group>"; };
		396C56DC2913130400E1CA41 /* LocationHandler.swift */ = {isa = PBXFileReference; fileEncoding = 4; lastKnownFileType = sourcecode.swift; path = LocationHandler.swift; sourceTree = "<group>"; };
		396C56DD2913130600E1CA41 /* Extensions.swift */ = {isa = PBXFileReference; fileEncoding = 4; lastKnownFileType = sourcecode.swift; path = Extensions.swift; sourceTree = "<group>"; };
		396C56DE2913130700E1CA41 /* Protocols.swift */ = {isa = PBXFileReference; fileEncoding = 4; lastKnownFileType = sourcecode.swift; path = Protocols.swift; sourceTree = "<group>"; };
		396C56DF2913130800E1CA41 /* Constants.swift */ = {isa = PBXFileReference; fileEncoding = 4; lastKnownFileType = sourcecode.swift; path = Constants.swift; sourceTree = "<group>"; };
		396C56E42913132300E1CA41 /* InputLocationView.swift */ = {isa = PBXFileReference; fileEncoding = 4; lastKnownFileType = sourcecode.swift; path = InputLocationView.swift; sourceTree = "<group>"; };
		396C56E52913132400E1CA41 /* LoginController.swift */ = {isa = PBXFileReference; fileEncoding = 4; lastKnownFileType = sourcecode.swift; path = LoginController.swift; sourceTree = "<group>"; };
		396C56E62913132500E1CA41 /* InputLocationActivationView.swift */ = {isa = PBXFileReference; fileEncoding = 4; lastKnownFileType = sourcecode.swift; path = InputLocationActivationView.swift; sourceTree = "<group>"; };
		396C56E72913132600E1CA41 /* LocationsCell.swift */ = {isa = PBXFileReference; fileEncoding = 4; lastKnownFileType = sourcecode.swift; path = LocationsCell.swift; sourceTree = "<group>"; };
		396C56E82913132700E1CA41 /* HomeController.swift */ = {isa = PBXFileReference; fileEncoding = 4; lastKnownFileType = sourcecode.swift; path = HomeController.swift; sourceTree = "<group>"; };
		396C56F22913145C00E1CA41 /* Credentials.swift */ = {isa = PBXFileReference; fileEncoding = 4; lastKnownFileType = sourcecode.swift; path = Credentials.swift; sourceTree = "<group>"; };
		396C56F42913146500E1CA41 /* User.swift */ = {isa = PBXFileReference; fileEncoding = 4; lastKnownFileType = sourcecode.swift; path = User.swift; sourceTree = "<group>"; };
		396C56F629131BE500E1CA41 /* RegisterController.swift */ = {isa = PBXFileReference; fileEncoding = 4; lastKnownFileType = sourcecode.swift; path = RegisterController.swift; sourceTree = "<group>"; };
		4C215A9AE898B7E68129F3EB /* Pods-Uber Clone.debug.xcconfig */ = {isa = PBXFileReference; includeInIndex = 1; lastKnownFileType = text.xcconfig; name = "Pods-Uber Clone.debug.xcconfig"; path = "Target Support Files/Pods-Uber Clone/Pods-Uber Clone.debug.xcconfig"; sourceTree = "<group>"; };
		D8E01A7CCE99E983FEBB7C3C /* Pods_Uber_Clone.framework */ = {isa = PBXFileReference; explicitFileType = wrapper.framework; includeInIndex = 0; path = Pods_Uber_Clone.framework; sourceTree = BUILT_PRODUCTS_DIR; };
/* End PBXFileReference section */

/* Begin PBXFrameworksBuildPhase section */
		396C56B6291311AF00E1CA41 /* Frameworks */ = {
			isa = PBXFrameworksBuildPhase;
			buildActionMask = 2147483647;
			files = (
				A35F0C937D93BD8A9420A5A4 /* Pods_Uber_Clone.framework in Frameworks */,
			);
			runOnlyForDeploymentPostprocessing = 0;
		};
/* End PBXFrameworksBuildPhase section */

/* Begin PBXGroup section */
		0A94157561AEFE78D74743D6 /* Frameworks */ = {
			isa = PBXGroup;
			children = (
				D8E01A7CCE99E983FEBB7C3C /* Pods_Uber_Clone.framework */,
			);
			name = Frameworks;
			sourceTree = "<group>";
		};
		396C56B0291311AF00E1CA41 = {
			isa = PBXGroup;
			children = (
				396C56BB291311AF00E1CA41 /* Uber Clone */,
				396C56BA291311AF00E1CA41 /* Products */,
				3B6B9DC7D558C2B36F01F124 /* Pods */,
				0A94157561AEFE78D74743D6 /* Frameworks */,
			);
			sourceTree = "<group>";
		};
		396C56BA291311AF00E1CA41 /* Products */ = {
			isa = PBXGroup;
			children = (
				396C56B9291311AF00E1CA41 /* Uber Clone.app */,
			);
			name = Products;
			sourceTree = "<group>";
		};
		396C56BB291311AF00E1CA41 /* Uber Clone */ = {
			isa = PBXGroup;
			children = (
				396C56D22913124B00E1CA41 /* Utils */,
				396C56D12913124100E1CA41 /* Models */,
				396C56D02913123900E1CA41 /* ViewModels */,
				396C56D32913125000E1CA41 /* API */,
				396C56EE2913133F00E1CA41 /* Views */,
				396C56F1291313EF00E1CA41 /* Delegates */,
				396C56C0291311AF00E1CA41 /* ViewController.swift */,
				396C56C2291311AF00E1CA41 /* Main.storyboard */,
				396C56C5291311B100E1CA41 /* Assets.xcassets */,
				396C56C7291311B100E1CA41 /* LaunchScreen.storyboard */,
				396C56CA291311B100E1CA41 /* Info.plist */,
			);
			path = "Uber Clone";
			sourceTree = "<group>";
		};
		396C56D02913123900E1CA41 /* ViewModels */ = {
			isa = PBXGroup;
			children = (
				396C56D9291312F200E1CA41 /* AuthenticationViewModel.swift */,
				396C56D8291312F100E1CA41 /* HomeViewModel.swift */,
			);
			path = ViewModels;
			sourceTree = "<group>";
		};
		396C56D12913124100E1CA41 /* Models */ = {
			isa = PBXGroup;
			children = (
				396C56F22913145C00E1CA41 /* Credentials.swift */,
				396C56F42913146500E1CA41 /* User.swift */,
			);
			name = Models;
			path = "New Group1";
			sourceTree = "<group>";
		};
		396C56D22913124B00E1CA41 /* Utils */ = {
			isa = PBXGroup;
			children = (
				396C56DF2913130800E1CA41 /* Constants.swift */,
				396C56DD2913130600E1CA41 /* Extensions.swift */,
				396C56DC2913130400E1CA41 /* LocationHandler.swift */,
				396C56DE2913130700E1CA41 /* Protocols.swift */,
			);
			path = Utils;
			sourceTree = "<group>";
		};
		396C56D32913125000E1CA41 /* API */ = {
			isa = PBXGroup;
			children = (
				396C56D4291312DD00E1CA41 /* AuthenticationService.swift */,
				396C56D5291312DE00E1CA41 /* UserService.swift */,
			);
			path = API;
			sourceTree = "<group>";
		};
		396C56EE2913133F00E1CA41 /* Views */ = {
			isa = PBXGroup;
			children = (
				396C56E62913132500E1CA41 /* InputLocationActivationView.swift */,
				396C56E42913132300E1CA41 /* InputLocationView.swift */,
				396C56EF2913136500E1CA41 /* Controllers */,
				396C56F02913137700E1CA41 /* Cells */,
			);
			path = Views;
			sourceTree = "<group>";
		};
		396C56EF2913136500E1CA41 /* Controllers */ = {
			isa = PBXGroup;
			children = (
				396C56E82913132700E1CA41 /* HomeController.swift */,
				396C56F629131BE500E1CA41 /* RegisterController.swift */,
				396C56E52913132400E1CA41 /* LoginController.swift */,
			);
			path = Controllers;
			sourceTree = "<group>";
		};
		396C56F02913137700E1CA41 /* Cells */ = {
			isa = PBXGroup;
			children = (
				396C56E72913132600E1CA41 /* LocationsCell.swift */,
			);
			path = Cells;
			sourceTree = "<group>";
		};
		396C56F1291313EF00E1CA41 /* Delegates */ = {
			isa = PBXGroup;
			children = (
				396C56BC291311AF00E1CA41 /* AppDelegate.swift */,
				396C56BE291311AF00E1CA41 /* SceneDelegate.swift */,
			);
			path = Delegates;
			sourceTree = "<group>";
		};
		3B6B9DC7D558C2B36F01F124 /* Pods */ = {
			isa = PBXGroup;
			children = (
				4C215A9AE898B7E68129F3EB /* Pods-Uber Clone.debug.xcconfig */,
				1F7EAB223AD2E028588D8195 /* Pods-Uber Clone.release.xcconfig */,
			);
			path = Pods;
			sourceTree = "<group>";
		};
/* End PBXGroup section */

/* Begin PBXNativeTarget section */
		396C56B8291311AF00E1CA41 /* Uber Clone */ = {
			isa = PBXNativeTarget;
			buildConfigurationList = 396C56CD291311B100E1CA41 /* Build configuration list for PBXNativeTarget "Uber Clone" */;
			buildPhases = (
				0BA181CB4065B9A0F2CAA2A1 /* [CP] Check Pods Manifest.lock */,
				396C56B5291311AF00E1CA41 /* Sources */,
				396C56B6291311AF00E1CA41 /* Frameworks */,
				396C56B7291311AF00E1CA41 /* Resources */,
				F859A2DF848644F6C4B8FBE0 /* [CP] Embed Pods Frameworks */,
			);
			buildRules = (
			);
			dependencies = (
			);
			name = "Uber Clone";
			productName = "Uber Clone";
			productReference = 396C56B9291311AF00E1CA41 /* Uber Clone.app */;
			productType = "com.apple.product-type.application";
		};
/* End PBXNativeTarget section */

/* Begin PBXProject section */
		396C56B1291311AF00E1CA41 /* Project object */ = {
			isa = PBXProject;
			attributes = {
				BuildIndependentTargetsInParallel = 1;
				LastSwiftUpdateCheck = 1320;
				LastUpgradeCheck = 1320;
				TargetAttributes = {
					396C56B8291311AF00E1CA41 = {
						CreatedOnToolsVersion = 13.2.1;
					};
				};
			};
			buildConfigurationList = 396C56B4291311AF00E1CA41 /* Build configuration list for PBXProject "Uber Clone" */;
			compatibilityVersion = "Xcode 13.0";
			developmentRegion = en;
			hasScannedForEncodings = 0;
			knownRegions = (
				en,
				Base,
			);
			mainGroup = 396C56B0291311AF00E1CA41;
			productRefGroup = 396C56BA291311AF00E1CA41 /* Products */;
			projectDirPath = "";
			projectRoot = "";
			targets = (
				396C56B8291311AF00E1CA41 /* Uber Clone */,
			);
		};
/* End PBXProject section */

/* Begin PBXResourcesBuildPhase section */
		396C56B7291311AF00E1CA41 /* Resources */ = {
			isa = PBXResourcesBuildPhase;
			buildActionMask = 2147483647;
			files = (
				396C56C9291311B100E1CA41 /* LaunchScreen.storyboard in Resources */,
				396C56C6291311B100E1CA41 /* Assets.xcassets in Resources */,
				396C56C4291311AF00E1CA41 /* Main.storyboard in Resources */,
			);
			runOnlyForDeploymentPostprocessing = 0;
		};
/* End PBXResourcesBuildPhase section */

/* Begin PBXShellScriptBuildPhase section */
		0BA181CB4065B9A0F2CAA2A1 /* [CP] Check Pods Manifest.lock */ = {
			isa = PBXShellScriptBuildPhase;
			buildActionMask = 2147483647;
			files = (
			);
			inputFileListPaths = (
			);
			inputPaths = (
				"${PODS_PODFILE_DIR_PATH}/Podfile.lock",
				"${PODS_ROOT}/Manifest.lock",
			);
			name = "[CP] Check Pods Manifest.lock";
			outputFileListPaths = (
			);
			outputPaths = (
				"$(DERIVED_FILE_DIR)/Pods-Uber Clone-checkManifestLockResult.txt",
			);
			runOnlyForDeploymentPostprocessing = 0;
			shellPath = /bin/sh;
			shellScript = "diff \"${PODS_PODFILE_DIR_PATH}/Podfile.lock\" \"${PODS_ROOT}/Manifest.lock\" > /dev/null\nif [ $? != 0 ] ; then\n    # print error to STDERR\n    echo \"error: The sandbox is not in sync with the Podfile.lock. Run 'pod install' or update your CocoaPods installation.\" >&2\n    exit 1\nfi\n# This output is used by Xcode 'outputs' to avoid re-running this script phase.\necho \"SUCCESS\" > \"${SCRIPT_OUTPUT_FILE_0}\"\n";
			showEnvVarsInLog = 0;
		};
		F859A2DF848644F6C4B8FBE0 /* [CP] Embed Pods Frameworks */ = {
			isa = PBXShellScriptBuildPhase;
			buildActionMask = 2147483647;
			files = (
			);
			inputFileListPaths = (
				"${PODS_ROOT}/Target Support Files/Pods-Uber Clone/Pods-Uber Clone-frameworks-${CONFIGURATION}-input-files.xcfilelist",
			);
			name = "[CP] Embed Pods Frameworks";
			outputFileListPaths = (
				"${PODS_ROOT}/Target Support Files/Pods-Uber Clone/Pods-Uber Clone-frameworks-${CONFIGURATION}-output-files.xcfilelist",
			);
			runOnlyForDeploymentPostprocessing = 0;
			shellPath = /bin/sh;
			shellScript = "\"${PODS_ROOT}/Target Support Files/Pods-Uber Clone/Pods-Uber Clone-frameworks.sh\"\n";
			showEnvVarsInLog = 0;
		};
/* End PBXShellScriptBuildPhase section */

/* Begin PBXSourcesBuildPhase section */
		396C56B5291311AF00E1CA41 /* Sources */ = {
			isa = PBXSourcesBuildPhase;
			buildActionMask = 2147483647;
			files = (
				396C56EC2913132700E1CA41 /* LocationsCell.swift in Sources */,
				396C56C1291311AF00E1CA41 /* ViewController.swift in Sources */,
				396C56E32913130800E1CA41 /* Constants.swift in Sources */,
				396C56E12913130800E1CA41 /* Extensions.swift in Sources */,
				396C56EA2913132700E1CA41 /* LoginController.swift in Sources */,
				396C56EB2913132700E1CA41 /* InputLocationActivationView.swift in Sources */,
				396C56DA291312F200E1CA41 /* HomeViewModel.swift in Sources */,
				396C56DB291312F200E1CA41 /* AuthenticationViewModel.swift in Sources */,
				396C56D7291312DF00E1CA41 /* UserService.swift in Sources */,
				396C56E22913130800E1CA41 /* Protocols.swift in Sources */,
				396C56F729131BE500E1CA41 /* RegisterController.swift in Sources */,
				396C56F32913145C00E1CA41 /* Credentials.swift in Sources */,
				396C56BD291311AF00E1CA41 /* AppDelegate.swift in Sources */,
				396C56BF291311AF00E1CA41 /* SceneDelegate.swift in Sources */,
				396C56ED2913132700E1CA41 /* HomeController.swift in Sources */,
				396C56F52913146500E1CA41 /* User.swift in Sources */,
				396C56D6291312DF00E1CA41 /* AuthenticationService.swift in Sources */,
				396C56E92913132700E1CA41 /* InputLocationView.swift in Sources */,
				396C56E02913130800E1CA41 /* LocationHandler.swift in Sources */,
			);
			runOnlyForDeploymentPostprocessing = 0;
		};
/* End PBXSourcesBuildPhase section */

/* Begin PBXVariantGroup section */
		396C56C2291311AF00E1CA41 /* Main.storyboard */ = {
			isa = PBXVariantGroup;
			children = (
				396C56C3291311AF00E1CA41 /* Base */,
			);
			name = Main.storyboard;
			sourceTree = "<group>";
		};
		396C56C7291311B100E1CA41 /* LaunchScreen.storyboard */ = {
			isa = PBXVariantGroup;
			children = (
				396C56C8291311B100E1CA41 /* Base */,
			);
			name = LaunchScreen.storyboard;
			sourceTree = "<group>";
		};
/* End PBXVariantGroup section */

/* Begin XCBuildConfiguration section */
		396C56CB291311B100E1CA41 /* Debug */ = {
			isa = XCBuildConfiguration;
			buildSettings = {
				ALWAYS_SEARCH_USER_PATHS = NO;
				CLANG_ANALYZER_NONNULL = YES;
				CLANG_ANALYZER_NUMBER_OBJECT_CONVERSION = YES_AGGRESSIVE;
				CLANG_CXX_LANGUAGE_STANDARD = "gnu++17";
				CLANG_CXX_LIBRARY = "libc++";
				CLANG_ENABLE_MODULES = YES;
				CLANG_ENABLE_OBJC_ARC = YES;
				CLANG_ENABLE_OBJC_WEAK = YES;
				CLANG_WARN_BLOCK_CAPTURE_AUTORELEASING = YES;
				CLANG_WARN_BOOL_CONVERSION = YES;
				CLANG_WARN_COMMA = YES;
				CLANG_WARN_CONSTANT_CONVERSION = YES;
				CLANG_WARN_DEPRECATED_OBJC_IMPLEMENTATIONS = YES;
				CLANG_WARN_DIRECT_OBJC_ISA_USAGE = YES_ERROR;
				CLANG_WARN_DOCUMENTATION_COMMENTS = YES;
				CLANG_WARN_EMPTY_BODY = YES;
				CLANG_WARN_ENUM_CONVERSION = YES;
				CLANG_WARN_INFINITE_RECURSION = YES;
				CLANG_WARN_INT_CONVERSION = YES;
				CLANG_WARN_NON_LITERAL_NULL_CONVERSION = YES;
				CLANG_WARN_OBJC_IMPLICIT_RETAIN_SELF = YES;
				CLANG_WARN_OBJC_LITERAL_CONVERSION = YES;
				CLANG_WARN_OBJC_ROOT_CLASS = YES_ERROR;
				CLANG_WARN_QUOTED_INCLUDE_IN_FRAMEWORK_HEADER = YES;
				CLANG_WARN_RANGE_LOOP_ANALYSIS = YES;
				CLANG_WARN_STRICT_PROTOTYPES = YES;
				CLANG_WARN_SUSPICIOUS_MOVE = YES;
				CLANG_WARN_UNGUARDED_AVAILABILITY = YES_AGGRESSIVE;
				CLANG_WARN_UNREACHABLE_CODE = YES;
				CLANG_WARN__DUPLICATE_METHOD_MATCH = YES;
				COPY_PHASE_STRIP = NO;
				DEBUG_INFORMATION_FORMAT = dwarf;
				ENABLE_STRICT_OBJC_MSGSEND = YES;
				ENABLE_TESTABILITY = YES;
				GCC_C_LANGUAGE_STANDARD = gnu11;
				GCC_DYNAMIC_NO_PIC = NO;
				GCC_NO_COMMON_BLOCKS = YES;
				GCC_OPTIMIZATION_LEVEL = 0;
				GCC_PREPROCESSOR_DEFINITIONS = (
					"DEBUG=1",
					"$(inherited)",
				);
				GCC_WARN_64_TO_32_BIT_CONVERSION = YES;
				GCC_WARN_ABOUT_RETURN_TYPE = YES_ERROR;
				GCC_WARN_UNDECLARED_SELECTOR = YES;
				GCC_WARN_UNINITIALIZED_AUTOS = YES_AGGRESSIVE;
				GCC_WARN_UNUSED_FUNCTION = YES;
				GCC_WARN_UNUSED_VARIABLE = YES;
				IPHONEOS_DEPLOYMENT_TARGET = 15.2;
				MTL_ENABLE_DEBUG_INFO = INCLUDE_SOURCE;
				MTL_FAST_MATH = YES;
				ONLY_ACTIVE_ARCH = YES;
				SDKROOT = iphoneos;
				SWIFT_ACTIVE_COMPILATION_CONDITIONS = DEBUG;
				SWIFT_OPTIMIZATION_LEVEL = "-Onone";
			};
			name = Debug;
		};
		396C56CC291311B100E1CA41 /* Release */ = {
			isa = XCBuildConfiguration;
			buildSettings = {
				ALWAYS_SEARCH_USER_PATHS = NO;
				CLANG_ANALYZER_NONNULL = YES;
				CLANG_ANALYZER_NUMBER_OBJECT_CONVERSION = YES_AGGRESSIVE;
				CLANG_CXX_LANGUAGE_STANDARD = "gnu++17";
				CLANG_CXX_LIBRARY = "libc++";
				CLANG_ENABLE_MODULES = YES;
				CLANG_ENABLE_OBJC_ARC = YES;
				CLANG_ENABLE_OBJC_WEAK = YES;
				CLANG_WARN_BLOCK_CAPTURE_AUTORELEASING = YES;
				CLANG_WARN_BOOL_CONVERSION = YES;
				CLANG_WARN_COMMA = YES;
				CLANG_WARN_CONSTANT_CONVERSION = YES;
				CLANG_WARN_DEPRECATED_OBJC_IMPLEMENTATIONS = YES;
				CLANG_WARN_DIRECT_OBJC_ISA_USAGE = YES_ERROR;
				CLANG_WARN_DOCUMENTATION_COMMENTS = YES;
				CLANG_WARN_EMPTY_BODY = YES;
				CLANG_WARN_ENUM_CONVERSION = YES;
				CLANG_WARN_INFINITE_RECURSION = YES;
				CLANG_WARN_INT_CONVERSION = YES;
				CLANG_WARN_NON_LITERAL_NULL_CONVERSION = YES;
				CLANG_WARN_OBJC_IMPLICIT_RETAIN_SELF = YES;
				CLANG_WARN_OBJC_LITERAL_CONVERSION = YES;
				CLANG_WARN_OBJC_ROOT_CLASS = YES_ERROR;
				CLANG_WARN_QUOTED_INCLUDE_IN_FRAMEWORK_HEADER = YES;
				CLANG_WARN_RANGE_LOOP_ANALYSIS = YES;
				CLANG_WARN_STRICT_PROTOTYPES = YES;
				CLANG_WARN_SUSPICIOUS_MOVE = YES;
				CLANG_WARN_UNGUARDED_AVAILABILITY = YES_AGGRESSIVE;
				CLANG_WARN_UNREACHABLE_CODE = YES;
				CLANG_WARN__DUPLICATE_METHOD_MATCH = YES;
				COPY_PHASE_STRIP = NO;
				DEBUG_INFORMATION_FORMAT = "dwarf-with-dsym";
				ENABLE_NS_ASSERTIONS = NO;
				ENABLE_STRICT_OBJC_MSGSEND = YES;
				GCC_C_LANGUAGE_STANDARD = gnu11;
				GCC_NO_COMMON_BLOCKS = YES;
				GCC_WARN_64_TO_32_BIT_CONVERSION = YES;
				GCC_WARN_ABOUT_RETURN_TYPE = YES_ERROR;
				GCC_WARN_UNDECLARED_SELECTOR = YES;
				GCC_WARN_UNINITIALIZED_AUTOS = YES_AGGRESSIVE;
				GCC_WARN_UNUSED_FUNCTION = YES;
				GCC_WARN_UNUSED_VARIABLE = YES;
				IPHONEOS_DEPLOYMENT_TARGET = 15.2;
				MTL_ENABLE_DEBUG_INFO = NO;
				MTL_FAST_MATH = YES;
				SDKROOT = iphoneos;
				SWIFT_COMPILATION_MODE = wholemodule;
				SWIFT_OPTIMIZATION_LEVEL = "-O";
				VALIDATE_PRODUCT = YES;
			};
			name = Release;
		};
		396C56CE291311B100E1CA41 /* Debug */ = {
			isa = XCBuildConfiguration;
			baseConfigurationReference = 4C215A9AE898B7E68129F3EB /* Pods-Uber Clone.debug.xcconfig */;
			buildSettings = {
				ASSETCATALOG_COMPILER_APPICON_NAME = AppIcon;
				ASSETCATALOG_COMPILER_GLOBAL_ACCENT_COLOR_NAME = AccentColor;
				CODE_SIGN_STYLE = Automatic;
				CURRENT_PROJECT_VERSION = 1;
				DEVELOPMENT_TEAM = S832A38562;
				GENERATE_INFOPLIST_FILE = YES;
				INFOPLIST_FILE = "Uber Clone/Info.plist";
				INFOPLIST_KEY_UIApplicationSupportsIndirectInputEvents = YES;
				INFOPLIST_KEY_UILaunchStoryboardName = LaunchScreen;
				INFOPLIST_KEY_UIMainStoryboardFile = Main;
				INFOPLIST_KEY_UISupportedInterfaceOrientations_iPad = "UIInterfaceOrientationPortrait UIInterfaceOrientationPortraitUpsideDown UIInterfaceOrientationLandscapeLeft UIInterfaceOrientationLandscapeRight";
				INFOPLIST_KEY_UISupportedInterfaceOrientations_iPhone = "UIInterfaceOrientationPortrait UIInterfaceOrientationLandscapeLeft UIInterfaceOrientationLandscapeRight";
				LD_RUNPATH_SEARCH_PATHS = (
					"$(inherited)",
					"@executable_path/Frameworks",
				);
				MARKETING_VERSION = 1.0;
				PRODUCT_BUNDLE_IDENTIFIER = "com.Uber.Uber-Clone";
				PRODUCT_NAME = "$(TARGET_NAME)";
				SWIFT_EMIT_LOC_STRINGS = YES;
				SWIFT_VERSION = 5.0;
				TARGETED_DEVICE_FAMILY = "1,2";
			};
			name = Debug;
		};
		396C56CF291311B100E1CA41 /* Release */ = {
			isa = XCBuildConfiguration;
			baseConfigurationReference = 1F7EAB223AD2E028588D8195 /* Pods-Uber Clone.release.xcconfig */;
			buildSettings = {
				ASSETCATALOG_COMPILER_APPICON_NAME = AppIcon;
				ASSETCATALOG_COMPILER_GLOBAL_ACCENT_COLOR_NAME = AccentColor;
				CODE_SIGN_STYLE = Automatic;
				CURRENT_PROJECT_VERSION = 1;
				DEVELOPMENT_TEAM = S832A38562;
				GENERATE_INFOPLIST_FILE = YES;
				INFOPLIST_FILE = "Uber Clone/Info.plist";
				INFOPLIST_KEY_UIApplicationSupportsIndirectInputEvents = YES;
				INFOPLIST_KEY_UILaunchStoryboardName = LaunchScreen;
				INFOPLIST_KEY_UIMainStoryboardFile = Main;
				INFOPLIST_KEY_UISupportedInterfaceOrientations_iPad = "UIInterfaceOrientationPortrait UIInterfaceOrientationPortraitUpsideDown UIInterfaceOrientationLandscapeLeft UIInterfaceOrientationLandscapeRight";
				INFOPLIST_KEY_UISupportedInterfaceOrientations_iPhone = "UIInterfaceOrientationPortrait UIInterfaceOrientationLandscapeLeft UIInterfaceOrientationLandscapeRight";
				LD_RUNPATH_SEARCH_PATHS = (
					"$(inherited)",
					"@executable_path/Frameworks",
				);
				MARKETING_VERSION = 1.0;
				PRODUCT_BUNDLE_IDENTIFIER = "com.Uber.Uber-Clone";
				PRODUCT_NAME = "$(TARGET_NAME)";
				SWIFT_EMIT_LOC_STRINGS = YES;
				SWIFT_VERSION = 5.0;
				TARGETED_DEVICE_FAMILY = "1,2";
			};
			name = Release;
		};
/* End XCBuildConfiguration section */

/* Begin XCConfigurationList section */
		396C56B4291311AF00E1CA41 /* Build configuration list for PBXProject "Uber Clone" */ = {
			isa = XCConfigurationList;
			buildConfigurations = (
				396C56CB291311B100E1CA41 /* Debug */,
				396C56CC291311B100E1CA41 /* Release */,
			);
			defaultConfigurationIsVisible = 0;
			defaultConfigurationName = Release;
		};
		396C56CD291311B100E1CA41 /* Build configuration list for PBXNativeTarget "Uber Clone" */ = {
			isa = XCConfigurationList;
			buildConfigurations = (
				396C56CE291311B100E1CA41 /* Debug */,
				396C56CF291311B100E1CA41 /* Release */,
			);
			defaultConfigurationIsVisible = 0;
			defaultConfigurationName = Release;
		};
/* End XCConfigurationList section */
	};
	rootObject = 396C56B1291311AF00E1CA41 /* Project object */;
}
